// !$*UTF8*$!
{
	archiveVersion = 1;
	classes = {
	};
	objectVersion = 50;
	objects = {

/* Begin PBXBuildFile section */
		172076ED2226E73C00013EBD /* AppDelegate.swift in Sources */ = {isa = PBXBuildFile; fileRef = 172076EC2226E73C00013EBD /* AppDelegate.swift */; };
		172076EF2226E73C00013EBD /* ViewController.swift in Sources */ = {isa = PBXBuildFile; fileRef = 172076EE2226E73C00013EBD /* ViewController.swift */; };
		172076F22226E73C00013EBD /* Main.storyboard in Resources */ = {isa = PBXBuildFile; fileRef = 172076F02226E73C00013EBD /* Main.storyboard */; };
		172076F42226E73D00013EBD /* Assets.xcassets in Resources */ = {isa = PBXBuildFile; fileRef = 172076F32226E73D00013EBD /* Assets.xcassets */; };
		172076F72226E73D00013EBD /* LaunchScreen.storyboard in Resources */ = {isa = PBXBuildFile; fileRef = 172076F52226E73D00013EBD /* LaunchScreen.storyboard */; };
		17E55898222742F000FCAA0A /* LoginViewController.swift in Sources */ = {isa = PBXBuildFile; fileRef = 17E55897222742F000FCAA0A /* LoginViewController.swift */; };
		17F3E6222226FDF300AC2A64 /* GoogleService-Info.plist in Resources */ = {isa = PBXBuildFile; fileRef = 17F3E6212226FDF300AC2A64 /* GoogleService-Info.plist */; };
		389AD34B50F42DFD3B00A010 /* Pods_RewardMe.framework in Frameworks */ = {isa = PBXBuildFile; fileRef = 3A76D00CAA4AD53717953E37 /* Pods_RewardMe.framework */; };
/* End PBXBuildFile section */

/* Begin PBXFileReference section */
		172076E92226E73C00013EBD /* RewardMe.app */ = {isa = PBXFileReference; explicitFileType = wrapper.application; includeInIndex = 0; path = RewardMe.app; sourceTree = BUILT_PRODUCTS_DIR; };
		172076EC2226E73C00013EBD /* AppDelegate.swift */ = {isa = PBXFileReference; lastKnownFileType = sourcecode.swift; path = AppDelegate.swift; sourceTree = "<group>"; };
		172076EE2226E73C00013EBD /* ViewController.swift */ = {isa = PBXFileReference; lastKnownFileType = sourcecode.swift; path = ViewController.swift; sourceTree = "<group>"; };
		172076F12226E73C00013EBD /* Base */ = {isa = PBXFileReference; lastKnownFileType = file.storyboard; name = Base; path = Base.lproj/Main.storyboard; sourceTree = "<group>"; };
		172076F32226E73D00013EBD /* Assets.xcassets */ = {isa = PBXFileReference; lastKnownFileType = folder.assetcatalog; path = Assets.xcassets; sourceTree = "<group>"; };
		172076F62226E73D00013EBD /* Base */ = {isa = PBXFileReference; lastKnownFileType = file.storyboard; name = Base; path = Base.lproj/LaunchScreen.storyboard; sourceTree = "<group>"; };
		172076F82226E73D00013EBD /* Info.plist */ = {isa = PBXFileReference; lastKnownFileType = text.plist.xml; path = Info.plist; sourceTree = "<group>"; };
		17E55897222742F000FCAA0A /* LoginViewController.swift */ = {isa = PBXFileReference; lastKnownFileType = sourcecode.swift; path = LoginViewController.swift; sourceTree = "<group>"; };
		17F3E6212226FDF300AC2A64 /* GoogleService-Info.plist */ = {isa = PBXFileReference; fileEncoding = 4; lastKnownFileType = text.plist.xml; path = "GoogleService-Info.plist"; sourceTree = "<group>"; };
		3A76D00CAA4AD53717953E37 /* Pods_RewardMe.framework */ = {isa = PBXFileReference; explicitFileType = wrapper.framework; includeInIndex = 0; path = Pods_RewardMe.framework; sourceTree = BUILT_PRODUCTS_DIR; };
		7FF0D81233F5653DF80A33DC /* Pods-RewardMe.debug.xcconfig */ = {isa = PBXFileReference; includeInIndex = 1; lastKnownFileType = text.xcconfig; name = "Pods-RewardMe.debug.xcconfig"; path = "Pods/Target Support Files/Pods-RewardMe/Pods-RewardMe.debug.xcconfig"; sourceTree = "<group>"; };
		E702BB68CD786EB12DF9D054 /* Pods-RewardMe.release.xcconfig */ = {isa = PBXFileReference; includeInIndex = 1; lastKnownFileType = text.xcconfig; name = "Pods-RewardMe.release.xcconfig"; path = "Pods/Target Support Files/Pods-RewardMe/Pods-RewardMe.release.xcconfig"; sourceTree = "<group>"; };
/* End PBXFileReference section */

/* Begin PBXFrameworksBuildPhase section */
		172076E62226E73C00013EBD /* Frameworks */ = {
			isa = PBXFrameworksBuildPhase;
			buildActionMask = 2147483647;
			files = (
				389AD34B50F42DFD3B00A010 /* Pods_RewardMe.framework in Frameworks */,
			);
			runOnlyForDeploymentPostprocessing = 0;
		};
/* End PBXFrameworksBuildPhase section */

/* Begin PBXGroup section */
		172076E02226E73C00013EBD = {
			isa = PBXGroup;
			children = (
				172076EB2226E73C00013EBD /* RewardMe */,
				172076EA2226E73C00013EBD /* Products */,
				A93BFE3264996330E41691B7 /* Pods */,
				78B75640E5386A44771D9353 /* Frameworks */,
			);
			sourceTree = "<group>";
		};
		172076EA2226E73C00013EBD /* Products */ = {
			isa = PBXGroup;
			children = (
				172076E92226E73C00013EBD /* RewardMe.app */,
			);
			name = Products;
			sourceTree = "<group>";
		};
		172076EB2226E73C00013EBD /* RewardMe */ = {
			isa = PBXGroup;
			children = (
				17E55896222742B800FCAA0A /* Login */,
				172076EC2226E73C00013EBD /* AppDelegate.swift */,
				172076EE2226E73C00013EBD /* ViewController.swift */,
				172076F02226E73C00013EBD /* Main.storyboard */,
				172076F32226E73D00013EBD /* Assets.xcassets */,
				172076F52226E73D00013EBD /* LaunchScreen.storyboard */,
				17F3E6212226FDF300AC2A64 /* GoogleService-Info.plist */,
				172076F82226E73D00013EBD /* Info.plist */,
			);
			path = RewardMe;
			sourceTree = "<group>";
		};
		17E55896222742B800FCAA0A /* Login */ = {
			isa = PBXGroup;
			children = (
				17E55897222742F000FCAA0A /* LoginViewController.swift */,
			);
			path = Login;
			sourceTree = "<group>";
		};
		78B75640E5386A44771D9353 /* Frameworks */ = {
			isa = PBXGroup;
			children = (
				3A76D00CAA4AD53717953E37 /* Pods_RewardMe.framework */,
			);
			name = Frameworks;
			sourceTree = "<group>";
		};
		A93BFE3264996330E41691B7 /* Pods */ = {
			isa = PBXGroup;
			children = (
				7FF0D81233F5653DF80A33DC /* Pods-RewardMe.debug.xcconfig */,
				E702BB68CD786EB12DF9D054 /* Pods-RewardMe.release.xcconfig */,
			);
			name = Pods;
			sourceTree = "<group>";
		};
/* End PBXGroup section */

/* Begin PBXNativeTarget section */
		172076E82226E73C00013EBD /* RewardMe */ = {
			isa = PBXNativeTarget;
			buildConfigurationList = 172076FB2226E73D00013EBD /* Build configuration list for PBXNativeTarget "RewardMe" */;
			buildPhases = (
				C5C9E51911F513B4730B8F37 /* [CP] Check Pods Manifest.lock */,
				172076E52226E73C00013EBD /* Sources */,
				172076E62226E73C00013EBD /* Frameworks */,
				172076E72226E73C00013EBD /* Resources */,
				F9E45E4AEECDF139A27B9A18 /* [CP] Embed Pods Frameworks */,
				2A07F860790EC942F7BBEF63 /* [CP] Copy Pods Resources */,
			);
			buildRules = (
			);
			dependencies = (
			);
			name = RewardMe;
			productName = RewardMe;
			productReference = 172076E92226E73C00013EBD /* RewardMe.app */;
			productType = "com.apple.product-type.application";
		};
/* End PBXNativeTarget section */

/* Begin PBXProject section */
		172076E12226E73C00013EBD /* Project object */ = {
			isa = PBXProject;
			attributes = {
				LastSwiftUpdateCheck = 1010;
				LastUpgradeCheck = 1010;
				ORGANIZATIONNAME = Cosmin;
				TargetAttributes = {
					172076E82226E73C00013EBD = {
						CreatedOnToolsVersion = 10.1;
					};
				};
			};
			buildConfigurationList = 172076E42226E73C00013EBD /* Build configuration list for PBXProject "RewardMe" */;
			compatibilityVersion = "Xcode 9.3";
			developmentRegion = en;
			hasScannedForEncodings = 0;
			knownRegions = (
				en,
				Base,
			);
			mainGroup = 172076E02226E73C00013EBD;
			productRefGroup = 172076EA2226E73C00013EBD /* Products */;
			projectDirPath = "";
			projectRoot = "";
			targets = (
				172076E82226E73C00013EBD /* RewardMe */,
			);
		};
/* End PBXProject section */

/* Begin PBXResourcesBuildPhase section */
		172076E72226E73C00013EBD /* Resources */ = {
			isa = PBXResourcesBuildPhase;
			buildActionMask = 2147483647;
			files = (
				172076F72226E73D00013EBD /* LaunchScreen.storyboard in Resources */,
				172076F42226E73D00013EBD /* Assets.xcassets in Resources */,
				172076F22226E73C00013EBD /* Main.storyboard in Resources */,
				17F3E6222226FDF300AC2A64 /* GoogleService-Info.plist in Resources */,
			);
			runOnlyForDeploymentPostprocessing = 0;
		};
/* End PBXResourcesBuildPhase section */

/* Begin PBXShellScriptBuildPhase section */
		2A07F860790EC942F7BBEF63 /* [CP] Copy Pods Resources */ = {
			isa = PBXShellScriptBuildPhase;
			buildActionMask = 2147483647;
			files = (
			);
			inputFileListPaths = (
			);
			inputPaths = (
				"${SRCROOT}/Pods/Target Support Files/Pods-RewardMe/Pods-RewardMe-resources.sh",
				"${PODS_ROOT}/GoogleSignIn/Resources/GoogleSignIn.bundle",
			);
			name = "[CP] Copy Pods Resources";
			outputFileListPaths = (
			);
			outputPaths = (
				"${TARGET_BUILD_DIR}/${UNLOCALIZED_RESOURCES_FOLDER_PATH}/GoogleSignIn.bundle",
			);
			runOnlyForDeploymentPostprocessing = 0;
			shellPath = /bin/sh;
			shellScript = "\"${SRCROOT}/Pods/Target Support Files/Pods-RewardMe/Pods-RewardMe-resources.sh\"\n";
			showEnvVarsInLog = 0;
		};
		C5C9E51911F513B4730B8F37 /* [CP] Check Pods Manifest.lock */ = {
			isa = PBXShellScriptBuildPhase;
			buildActionMask = 2147483647;
			files = (
			);
			inputFileListPaths = (
			);
			inputPaths = (
				"${PODS_PODFILE_DIR_PATH}/Podfile.lock",
				"${PODS_ROOT}/Manifest.lock",
			);
			name = "[CP] Check Pods Manifest.lock";
			outputFileListPaths = (
			);
			outputPaths = (
				"$(DERIVED_FILE_DIR)/Pods-RewardMe-checkManifestLockResult.txt",
			);
			runOnlyForDeploymentPostprocessing = 0;
			shellPath = /bin/sh;
			shellScript = "diff \"${PODS_PODFILE_DIR_PATH}/Podfile.lock\" \"${PODS_ROOT}/Manifest.lock\" > /dev/null\nif [ $? != 0 ] ; then\n    # print error to STDERR\n    echo \"error: The sandbox is not in sync with the Podfile.lock. Run 'pod install' or update your CocoaPods installation.\" >&2\n    exit 1\nfi\n# This output is used by Xcode 'outputs' to avoid re-running this script phase.\necho \"SUCCESS\" > \"${SCRIPT_OUTPUT_FILE_0}\"\n";
			showEnvVarsInLog = 0;
		};
		F9E45E4AEECDF139A27B9A18 /* [CP] Embed Pods Frameworks */ = {
			isa = PBXShellScriptBuildPhase;
			buildActionMask = 2147483647;
			files = (
			);
			inputFileListPaths = (
			);
			inputPaths = (
				"${SRCROOT}/Pods/Target Support Files/Pods-RewardMe/Pods-RewardMe-frameworks.sh",
				"${BUILT_PRODUCTS_DIR}/ChameleonFramework/ChameleonFramework.framework",
				"${BUILT_PRODUCTS_DIR}/GTMSessionFetcher/GTMSessionFetcher.framework",
				"${BUILT_PRODUCTS_DIR}/GoogleToolboxForMac/GoogleToolboxForMac.framework",
				"${BUILT_PRODUCTS_DIR}/GoogleUtilities/GoogleUtilities.framework",
				"${BUILT_PRODUCTS_DIR}/SVProgressHUD/SVProgressHUD.framework",
				"${BUILT_PRODUCTS_DIR}/leveldb-library/leveldb.framework",
				"${BUILT_PRODUCTS_DIR}/nanopb/nanopb.framework",
			);
			name = "[CP] Embed Pods Frameworks";
			outputFileListPaths = (
			);
			outputPaths = (
				"${TARGET_BUILD_DIR}/${FRAMEWORKS_FOLDER_PATH}/ChameleonFramework.framework",
				"${TARGET_BUILD_DIR}/${FRAMEWORKS_FOLDER_PATH}/GTMSessionFetcher.framework",
				"${TARGET_BUILD_DIR}/${FRAMEWORKS_FOLDER_PATH}/GoogleToolboxForMac.framework",
				"${TARGET_BUILD_DIR}/${FRAMEWORKS_FOLDER_PATH}/GoogleUtilities.framework",
				"${TARGET_BUILD_DIR}/${FRAMEWORKS_FOLDER_PATH}/SVProgressHUD.framework",
				"${TARGET_BUILD_DIR}/${FRAMEWORKS_FOLDER_PATH}/leveldb.framework",
				"${TARGET_BUILD_DIR}/${FRAMEWORKS_FOLDER_PATH}/nanopb.framework",
			);
			runOnlyForDeploymentPostprocessing = 0;
			shellPath = /bin/sh;
			shellScript = "\"${SRCROOT}/Pods/Target Support Files/Pods-RewardMe/Pods-RewardMe-frameworks.sh\"\n";
			showEnvVarsInLog = 0;
		};
/* End PBXShellScriptBuildPhase section */

/* Begin PBXSourcesBuildPhase section */
		172076E52226E73C00013EBD /* Sources */ = {
			isa = PBXSourcesBuildPhase;
			buildActionMask = 2147483647;
			files = (
				17E55898222742F000FCAA0A /* LoginViewController.swift in Sources */,
				172076EF2226E73C00013EBD /* ViewController.swift in Sources */,
				172076ED2226E73C00013EBD /* AppDelegate.swift in Sources */,
			);
			runOnlyForDeploymentPostprocessing = 0;
		};
/* End PBXSourcesBuildPhase section */

/* Begin PBXVariantGroup section */
		172076F02226E73C00013EBD /* Main.storyboard */ = {
			isa = PBXVariantGroup;
			children = (
				172076F12226E73C00013EBD /* Base */,
			);
			name = Main.storyboard;
			sourceTree = "<group>";
		};
		172076F52226E73D00013EBD /* LaunchScreen.storyboard */ = {
			isa = PBXVariantGroup;
			children = (
				172076F62226E73D00013EBD /* Base */,
			);
			name = LaunchScreen.storyboard;
			sourceTree = "<group>";
		};
/* End PBXVariantGroup section */

/* Begin XCBuildConfiguration section */
		172076F92226E73D00013EBD /* Debug */ = {
			isa = XCBuildConfiguration;
			buildSettings = {
				ALWAYS_SEARCH_USER_PATHS = NO;
				CLANG_ANALYZER_NONNULL = YES;
				CLANG_ANALYZER_NUMBER_OBJECT_CONVERSION = YES_AGGRESSIVE;
				CLANG_CXX_LANGUAGE_STANDARD = "gnu++14";
				CLANG_CXX_LIBRARY = "libc++";
				CLANG_ENABLE_MODULES = YES;
				CLANG_ENABLE_OBJC_ARC = YES;
				CLANG_ENABLE_OBJC_WEAK = YES;
				CLANG_WARN_BLOCK_CAPTURE_AUTORELEASING = YES;
				CLANG_WARN_BOOL_CONVERSION = YES;
				CLANG_WARN_COMMA = YES;
				CLANG_WARN_CONSTANT_CONVERSION = YES;
				CLANG_WARN_DEPRECATED_OBJC_IMPLEMENTATIONS = YES;
				CLANG_WARN_DIRECT_OBJC_ISA_USAGE = YES_ERROR;
				CLANG_WARN_DOCUMENTATION_COMMENTS = YES;
				CLANG_WARN_EMPTY_BODY = YES;
				CLANG_WARN_ENUM_CONVERSION = YES;
				CLANG_WARN_INFINITE_RECURSION = YES;
				CLANG_WARN_INT_CONVERSION = YES;
				CLANG_WARN_NON_LITERAL_NULL_CONVERSION = YES;
				CLANG_WARN_OBJC_IMPLICIT_RETAIN_SELF = YES;
				CLANG_WARN_OBJC_LITERAL_CONVERSION = YES;
				CLANG_WARN_OBJC_ROOT_CLASS = YES_ERROR;
				CLANG_WARN_RANGE_LOOP_ANALYSIS = YES;
				CLANG_WARN_STRICT_PROTOTYPES = YES;
				CLANG_WARN_SUSPICIOUS_MOVE = YES;
				CLANG_WARN_UNGUARDED_AVAILABILITY = YES_AGGRESSIVE;
				CLANG_WARN_UNREACHABLE_CODE = YES;
				CLANG_WARN__DUPLICATE_METHOD_MATCH = YES;
				CODE_SIGN_IDENTITY = "iPhone Developer";
				COPY_PHASE_STRIP = NO;
				DEBUG_INFORMATION_FORMAT = dwarf;
				ENABLE_STRICT_OBJC_MSGSEND = YES;
				ENABLE_TESTABILITY = YES;
				GCC_C_LANGUAGE_STANDARD = gnu11;
				GCC_DYNAMIC_NO_PIC = NO;
				GCC_NO_COMMON_BLOCKS = YES;
				GCC_OPTIMIZATION_LEVEL = 0;
				GCC_PREPROCESSOR_DEFINITIONS = (
					"DEBUG=1",
					"$(inherited)",
				);
				GCC_WARN_64_TO_32_BIT_CONVERSION = YES;
				GCC_WARN_ABOUT_RETURN_TYPE = YES_ERROR;
				GCC_WARN_UNDECLARED_SELECTOR = YES;
				GCC_WARN_UNINITIALIZED_AUTOS = YES_AGGRESSIVE;
				GCC_WARN_UNUSED_FUNCTION = YES;
				GCC_WARN_UNUSED_VARIABLE = YES;
				IPHONEOS_DEPLOYMENT_TARGET = 12.1;
				MTL_ENABLE_DEBUG_INFO = INCLUDE_SOURCE;
				MTL_FAST_MATH = YES;
				ONLY_ACTIVE_ARCH = YES;
				SDKROOT = iphoneos;
				SWIFT_ACTIVE_COMPILATION_CONDITIONS = DEBUG;
				SWIFT_OPTIMIZATION_LEVEL = "-Onone";
			};
			name = Debug;
		};
		172076FA2226E73D00013EBD /* Release */ = {
			isa = XCBuildConfiguration;
			buildSettings = {
				ALWAYS_SEARCH_USER_PATHS = NO;
				CLANG_ANALYZER_NONNULL = YES;
				CLANG_ANALYZER_NUMBER_OBJECT_CONVERSION = YES_AGGRESSIVE;
				CLANG_CXX_LANGUAGE_STANDARD = "gnu++14";
				CLANG_CXX_LIBRARY = "libc++";
				CLANG_ENABLE_MODULES = YES;
				CLANG_ENABLE_OBJC_ARC = YES;
				CLANG_ENABLE_OBJC_WEAK = YES;
				CLANG_WARN_BLOCK_CAPTURE_AUTORELEASING = YES;
				CLANG_WARN_BOOL_CONVERSION = YES;
				CLANG_WARN_COMMA = YES;
				CLANG_WARN_CONSTANT_CONVERSION = YES;
				CLANG_WARN_DEPRECATED_OBJC_IMPLEMENTATIONS = YES;
				CLANG_WARN_DIRECT_OBJC_ISA_USAGE = YES_ERROR;
				CLANG_WARN_DOCUMENTATION_COMMENTS = YES;
				CLANG_WARN_EMPTY_BODY = YES;
				CLANG_WARN_ENUM_CONVERSION = YES;
				CLANG_WARN_INFINITE_RECURSION = YES;
				CLANG_WARN_INT_CONVERSION = YES;
				CLANG_WARN_NON_LITERAL_NULL_CONVERSION = YES;
				CLANG_WARN_OBJC_IMPLICIT_RETAIN_SELF = YES;
				CLANG_WARN_OBJC_LITERAL_CONVERSION = YES;
				CLANG_WARN_OBJC_ROOT_CLASS = YES_ERROR;
				CLANG_WARN_RANGE_LOOP_ANALYSIS = YES;
				CLANG_WARN_STRICT_PROTOTYPES = YES;
				CLANG_WARN_SUSPICIOUS_MOVE = YES;
				CLANG_WARN_UNGUARDED_AVAILABILITY = YES_AGGRESSIVE;
				CLANG_WARN_UNREACHABLE_CODE = YES;
				CLANG_WARN__DUPLICATE_METHOD_MATCH = YES;
				CODE_SIGN_IDENTITY = "iPhone Developer";
				COPY_PHASE_STRIP = NO;
				DEBUG_INFORMATION_FORMAT = "dwarf-with-dsym";
				ENABLE_NS_ASSERTIONS = NO;
				ENABLE_STRICT_OBJC_MSGSEND = YES;
				GCC_C_LANGUAGE_STANDARD = gnu11;
				GCC_NO_COMMON_BLOCKS = YES;
				GCC_WARN_64_TO_32_BIT_CONVERSION = YES;
				GCC_WARN_ABOUT_RETURN_TYPE = YES_ERROR;
				GCC_WARN_UNDECLARED_SELECTOR = YES;
				GCC_WARN_UNINITIALIZED_AUTOS = YES_AGGRESSIVE;
				GCC_WARN_UNUSED_FUNCTION = YES;
				GCC_WARN_UNUSED_VARIABLE = YES;
				IPHONEOS_DEPLOYMENT_TARGET = 12.1;
				MTL_ENABLE_DEBUG_INFO = NO;
				MTL_FAST_MATH = YES;
				SDKROOT = iphoneos;
				SWIFT_COMPILATION_MODE = wholemodule;
				SWIFT_OPTIMIZATION_LEVEL = "-O";
				VALIDATE_PRODUCT = YES;
			};
			name = Release;
		};
		172076FC2226E73D00013EBD /* Debug */ = {
			isa = XCBuildConfiguration;
			baseConfigurationReference = 7FF0D81233F5653DF80A33DC /* Pods-RewardMe.debug.xcconfig */;
			buildSettings = {
				ASSETCATALOG_COMPILER_APPICON_NAME = AppIcon;
				CODE_SIGN_STYLE = Automatic;
				DEVELOPMENT_TEAM = 79GDB2FZMP;
				INFOPLIST_FILE = RewardMe/Info.plist;
				LD_RUNPATH_SEARCH_PATHS = (
					"$(inherited)",
					"@executable_path/Frameworks",
				);
				PRODUCT_BUNDLE_IDENTIFIER = cosmin.codes.RewardMe;
				PRODUCT_NAME = "$(TARGET_NAME)";
				SWIFT_VERSION = 4.2;
				TARGETED_DEVICE_FAMILY = "1,2";
			};
			name = Debug;
		};
		172076FD2226E73D00013EBD /* Release */ = {
			isa = XCBuildConfiguration;
			baseConfigurationReference = E702BB68CD786EB12DF9D054 /* Pods-RewardMe.release.xcconfig */;
			buildSettings = {
				ASSETCATALOG_COMPILER_APPICON_NAME = AppIcon;
				CODE_SIGN_STYLE = Automatic;
				DEVELOPMENT_TEAM = 79GDB2FZMP;
				INFOPLIST_FILE = RewardMe/Info.plist;
				LD_RUNPATH_SEARCH_PATHS = (
					"$(inherited)",
					"@executable_path/Frameworks",
				);
				PRODUCT_BUNDLE_IDENTIFIER = cosmin.codes.RewardMe;
				PRODUCT_NAME = "$(TARGET_NAME)";
				SWIFT_VERSION = 4.2;
				TARGETED_DEVICE_FAMILY = "1,2";
			};
			name = Release;
		};
/* End XCBuildConfiguration section */

/* Begin XCConfigurationList section */
		172076E42226E73C00013EBD /* Build configuration list for PBXProject "RewardMe" */ = {
			isa = XCConfigurationList;
			buildConfigurations = (
				172076F92226E73D00013EBD /* Debug */,
				172076FA2226E73D00013EBD /* Release */,
			);
			defaultConfigurationIsVisible = 0;
			defaultConfigurationName = Release;
		};
		172076FB2226E73D00013EBD /* Build configuration list for PBXNativeTarget "RewardMe" */ = {
			isa = XCConfigurationList;
			buildConfigurations = (
				172076FC2226E73D00013EBD /* Debug */,
				172076FD2226E73D00013EBD /* Release */,
			);
			defaultConfigurationIsVisible = 0;
			defaultConfigurationName = Release;
		};
/* End XCConfigurationList section */
	};
	rootObject = 172076E12226E73C00013EBD /* Project object */;
}
